// !$*UTF8*$!
{
	archiveVersion = 1;
	classes = {
	};
	objectVersion = 46;
	objects = {

/* Begin PBXBuildFile section */
		F254F53E1C17768E004AF7A2 /* birdStats.h in CopyFiles */ = {isa = PBXBuildFile; fileRef = F254F53D1C17768E004AF7A2 /* birdStats.h */; };
		F254F5401C17768E004AF7A2 /* birdStats.m in Sources */ = {isa = PBXBuildFile; fileRef = F254F53F1C17768E004AF7A2 /* birdStats.m */; };
/* End PBXBuildFile section */

/* Begin PBXCopyFilesBuildPhase section */
		F254F5381C17768E004AF7A2 /* CopyFiles */ = {
			isa = PBXCopyFilesBuildPhase;
			buildActionMask = 2147483647;
			dstPath = "include/$(PRODUCT_NAME)";
			dstSubfolderSpec = 16;
			files = (
				F254F53E1C17768E004AF7A2 /* birdStats.h in CopyFiles */,
			);
			runOnlyForDeploymentPostprocessing = 0;
		};
/* End PBXCopyFilesBuildPhase section */

/* Begin PBXFileReference section */
		F254F53A1C17768E004AF7A2 /* libbirdStats.a */ = {isa = PBXFileReference; explicitFileType = archive.ar; includeInIndex = 0; path = libbirdStats.a; sourceTree = BUILT_PRODUCTS_DIR; };
		F254F53D1C17768E004AF7A2 /* birdStats.h */ = {isa = PBXFileReference; lastKnownFileType = sourcecode.c.h; path = birdStats.h; sourceTree = "<group>"; };
		F254F53F1C17768E004AF7A2 /* birdStats.m */ = {isa = PBXFileReference; lastKnownFileType = sourcecode.c.objc; path = birdStats.m; sourceTree = "<group>"; };
/* End PBXFileReference section */

/* Begin PBXFrameworksBuildPhase section */
		F254F5371C17768E004AF7A2 /* Frameworks */ = {
			isa = PBXFrameworksBuildPhase;
			buildActionMask = 2147483647;
			files = (
			);
			runOnlyForDeploymentPostprocessing = 0;
		};
/* End PBXFrameworksBuildPhase section */

/* Begin PBXGroup section */
		F254F5311C17768E004AF7A2 = {
			isa = PBXGroup;
			children = (
				F254F53C1C17768E004AF7A2 /* birdStats */,
				F254F53B1C17768E004AF7A2 /* Products */,
			);
			sourceTree = "<group>";
		};
		F254F53B1C17768E004AF7A2 /* Products */ = {
			isa = PBXGroup;
			children = (
				F254F53A1C17768E004AF7A2 /* libbirdStats.a */,
			);
			name = Products;
			sourceTree = "<group>";
		};
		F254F53C1C17768E004AF7A2 /* birdStats */ = {
			isa = PBXGroup;
			children = (
				F254F53D1C17768E004AF7A2 /* birdStats.h */,
				F254F53F1C17768E004AF7A2 /* birdStats.m */,
			);
			path = birdStats;
			sourceTree = "<group>";
		};
/* End PBXGroup section */

/* Begin PBXNativeTarget section */
		F254F5391C17768E004AF7A2 /* birdStats */ = {
			isa = PBXNativeTarget;
			buildConfigurationList = F254F5431C17768E004AF7A2 /* Build configuration list for PBXNativeTarget "birdStats" */;
			buildPhases = (
				F254F5361C17768E004AF7A2 /* Sources */,
				F254F5371C17768E004AF7A2 /* Frameworks */,
				F254F5381C17768E004AF7A2 /* CopyFiles */,
			);
			buildRules = (
			);
			dependencies = (
			);
			name = birdStats;
			productName = birdStats;
			productReference = F254F53A1C17768E004AF7A2 /* libbirdStats.a */;
			productType = "com.apple.product-type.library.static";
		};
/* End PBXNativeTarget section */

/* Begin PBXProject section */
		F254F5321C17768E004AF7A2 /* Project object */ = {
			isa = PBXProject;
			attributes = {
				LastUpgradeCheck = 0710;
				ORGANIZATIONNAME = birdSound;
				TargetAttributes = {
					F254F5391C17768E004AF7A2 = {
						CreatedOnToolsVersion = 7.1.1;
					};
				};
			};
			buildConfigurationList = F254F5351C17768E004AF7A2 /* Build configuration list for PBXProject "birdStats" */;
			compatibilityVersion = "Xcode 3.2";
			developmentRegion = English;
			hasScannedForEncodings = 0;
			knownRegions = (
				en,
			);
			mainGroup = F254F5311C17768E004AF7A2;
			productRefGroup = F254F53B1C17768E004AF7A2 /* Products */;
			projectDirPath = "";
			projectRoot = "";
			targets = (
				F254F5391C17768E004AF7A2 /* birdStats */,
			);
		};
/* End PBXProject section */

/* Begin PBXSourcesBuildPhase section */
		F254F5361C17768E004AF7A2 /* Sources */ = {
			isa = PBXSourcesBuildPhase;
			buildActionMask = 2147483647;
			files = (
				F254F5401C17768E004AF7A2 /* birdStats.m in Sources */,
			);
			runOnlyForDeploymentPostprocessing = 0;
		};
/* End PBXSourcesBuildPhase section */

/* Begin XCBuildConfiguration section */
		F254F5411C17768E004AF7A2 /* Debug */ = {
			isa = XCBuildConfiguration;
			buildSettings = {
				ALWAYS_SEARCH_USER_PATHS = NO;
				CLANG_CXX_LANGUAGE_STANDARD = "gnu++0x";
				CLANG_CXX_LIBRARY = "libc++";
				CLANG_ENABLE_MODULES = YES;
				CLANG_ENABLE_OBJC_ARC = YES;
				CLANG_WARN_BOOL_CONVERSION = YES;
				CLANG_WARN_CONSTANT_CONVERSION = YES;
				CLANG_WARN_DIRECT_OBJC_ISA_USAGE = YES_ERROR;
				CLANG_WARN_EMPTY_BODY = YES;
				CLANG_WARN_ENUM_CONVERSION = YES;
				CLANG_WARN_INT_CONVERSION = YES;
				CLANG_WARN_OBJC_ROOT_CLASS = YES_ERROR;
				CLANG_WARN_UNREACHABLE_CODE = YES;
				CLANG_WARN__DUPLICATE_METHOD_MATCH = YES;
				"CODE_SIGN_IDENTITY[sdk=iphoneos*]" = "iPhone Developer";
				COPY_PHASE_STRIP = NO;
				DEBUG_INFORMATION_FORMAT = dwarf;
				ENABLE_STRICT_OBJC_MSGSEND = YES;
				ENABLE_TESTABILITY = YES;
				GCC_C_LANGUAGE_STANDARD = gnu99;
				GCC_DYNAMIC_NO_PIC = NO;
				GCC_NO_COMMON_BLOCKS = YES;
				GCC_OPTIMIZATION_LEVEL = 0;
				GCC_PREPROCESSOR_DEFINITIONS = (
					"DEBUG=1",
					"$(inherited)",
				);
				GCC_WARN_64_TO_32_BIT_CONVERSION = YES;
				GCC_WARN_ABOUT_RETURN_TYPE = YES_ERROR;
				GCC_WARN_UNDECLARED_SELECTOR = YES;
				GCC_WARN_UNINITIALIZED_AUTOS = YES_AGGRESSIVE;
				GCC_WARN_UNUSED_FUNCTION = YES;
				GCC_WARN_UNUSED_VARIABLE = YES;
				IPHONEOS_DEPLOYMENT_TARGET = 9.1;
				MTL_ENABLE_DEBUG_INFO = YES;
				ONLY_ACTIVE_ARCH = YES;
				SDKROOT = iphoneos;
			};
			name = Debug;
		};
		F254F5421C17768E004AF7A2 /* Release */ = {
			isa = XCBuildConfiguration;
			buildSettings = {
				ALWAYS_SEARCH_USER_PATHS = NO;
				CLANG_CXX_LANGUAGE_STANDARD = "gnu++0x";
				CLANG_CXX_LIBRARY = "libc++";
				CLANG_ENABLE_MODULES = YES;
				CLANG_ENABLE_OBJC_ARC = YES;
				CLANG_WARN_BOOL_CONVERSION = YES;
				CLANG_WARN_CONSTANT_CONVERSION = YES;
				CLANG_WARN_DIRECT_OBJC_ISA_USAGE = YES_ERROR;
				CLANG_WARN_EMPTY_BODY = YES;
				CLANG_WARN_ENUM_CONVERSION = YES;
				CLANG_WARN_INT_CONVERSION = YES;
				CLANG_WARN_OBJC_ROOT_CLASS = YES_ERROR;
				CLANG_WARN_UNREACHABLE_CODE = YES;
				CLANG_WARN__DUPLICATE_METHOD_MATCH = YES;
				"CODE_SIGN_IDENTITY[sdk=iphoneos*]" = "iPhone Developer";
				COPY_PHASE_STRIP = NO;
				DEBUG_INFORMATION_FORMAT = "dwarf-with-dsym";
				ENABLE_NS_ASSERTIONS = NO;
				ENABLE_STRICT_OBJC_MSGSEND = YES;
				GCC_C_LANGUAGE_STANDARD = gnu99;
				GCC_NO_COMMON_BLOCKS = YES;
				GCC_WARN_64_TO_32_BIT_CONVERSION = YES;
				GCC_WARN_ABOUT_RETURN_TYPE = YES_ERROR;
				GCC_WARN_UNDECLARED_SELECTOR = YES;
				GCC_WARN_UNINITIALIZED_AUTOS = YES_AGGRESSIVE;
				GCC_WARN_UNUSED_FUNCTION = YES;
				GCC_WARN_UNUSED_VARIABLE = YES;
				IPHONEOS_DEPLOYMENT_TARGET = 9.1;
				MTL_ENABLE_DEBUG_INFO = NO;
				SDKROOT = iphoneos;
				VALIDATE_PRODUCT = YES;
			};
			name = Release;
		};
		F254F5441C17768E004AF7A2 /* Debug */ = {
			isa = XCBuildConfiguration;
			buildSettings = {
				OTHER_LDFLAGS = "-ObjC";
				PRODUCT_NAME = "$(TARGET_NAME)";
				SKIP_INSTALL = YES;
			};
			name = Debug;
		};
		F254F5451C17768E004AF7A2 /* Release */ = {
			isa = XCBuildConfiguration;
			buildSettings = {
				OTHER_LDFLAGS = "-ObjC";
				PRODUCT_NAME = "$(TARGET_NAME)";
				SKIP_INSTALL = YES;
			};
			name = Release;
		};
/* End XCBuildConfiguration section */

/* Begin XCConfigurationList section */
		F254F5351C17768E004AF7A2 /* Build configuration list for PBXProject "birdStats" */ = {
			isa = XCConfigurationList;
			buildConfigurations = (
				F254F5411C17768E004AF7A2 /* Debug */,
				F254F5421C17768E004AF7A2 /* Release */,
			);
			defaultConfigurationIsVisible = 0;
			defaultConfigurationName = Release;
		};
		F254F5431C17768E004AF7A2 /* Build configuration list for PBXNativeTarget "birdStats" */ = {
			isa = XCConfigurationList;
			buildConfigurations = (
				F254F5441C17768E004AF7A2 /* Debug */,
				F254F5451C17768E004AF7A2 /* Release */,
			);
			defaultConfigurationIsVisible = 0;
		};
/* End XCConfigurationList section */
	};
	rootObject = F254F5321C17768E004AF7A2 /* Project object */;
}
